
Microsoft Visual Studio Solution File, Format Version 12.00
# Visual Studio Version 16
VisualStudioVersion = 16.0.31105.61
MinimumVisualStudioVersion = 10.0.40219.1
Project("{FAE04EC0-301F-11D3-BF4B-00C04F79EFBC}") = "movievijay", "movievijay.csproj", "{42807974-0B09-4A93-8061-0A3788003B13}"
EndProject
Global
	GlobalSection(SolutionConfigurationPlatforms) = preSolution
		Debug|Any CPU = Debug|Any CPU
		Release|Any CPU = Release|Any CPU
	EndGlobalSection
	GlobalSection(ProjectConfigurationPlatforms) = postSolution
		{42807974-0B09-4A93-8061-0A3788003B13}.Debug|Any CPU.ActiveCfg = Debug|Any CPU
		{42807974-0B09-4A93-8061-0A3788003B13}.Debug|Any CPU.Build.0 = Debug|Any CPU
		{42807974-0B09-4A93-8061-0A3788003B13}.Release|Any CPU.ActiveCfg = Release|Any CPU
		{42807974-0B09-4A93-8061-0A3788003B13}.Release|Any CPU.Build.0 = Release|Any CPU
	EndGlobalSection
	GlobalSection(SolutionProperties) = preSolution
		HideSolutionNode = FALSE
	EndGlobalSection
	GlobalSection(ExtensibilityGlobals) = postSolution
		SolutionGuid = {1F8B5AD5-2B55-4AA5-99BD-7D844901EFF5}
	EndGlobalSection
EndGlobal
